
Microsoft Visual Studio Solution File, Format Version 12.00
# Visual Studio Version 17
VisualStudioVersion = 17.9.34607.119
MinimumVisualStudioVersion = 10.0.40219.1
Project("{9A19103F-16F7-4668-BE54-9A1E7A4F7556}") = "CleanArchitecture.WepApi", "CleanArchitecture.WepApi\CleanArchitecture.WepApi.csproj", "{114D7F75-DEFD-413C-9D22-95289DD24346}"
EndProject
Project("{2150E333-8FDC-42A3-9474-1A3956D46DE8}") = "src", "src", "{390FFC76-FA65-4AEB-BC5B-893CFE7A6D43}"
EndProject
Project("{2150E333-8FDC-42A3-9474-1A3956D46DE8}") = "Core", "Core", "{DF1BBD98-8D34-4332-84A1-0144FF7458B1}"
EndProject
Project("{2150E333-8FDC-42A3-9474-1A3956D46DE8}") = "External", "External", "{70116109-65DE-4359-B11A-870C322E7D92}"
EndProject
Project("{9A19103F-16F7-4668-BE54-9A1E7A4F7556}") = "CleanArchitecture.Application", "CleanArchitecture.Application\CleanArchitecture.Application.csproj", "{846EA175-AD56-460F-A1EB-331CCDD7F0BA}"
EndProject
Project("{9A19103F-16F7-4668-BE54-9A1E7A4F7556}") = "CleanArchitecture.Domain", "CleanArchitecture.Domain\CleanArchitecture.Domain.csproj", "{9C66EEC1-5C15-4678-82B4-4467061AF449}"
EndProject
Project("{9A19103F-16F7-4668-BE54-9A1E7A4F7556}") = "CleanArchitecture.Infrastructure", "CleanArchitecture.Infrastructure\CleanArchitecture.Infrastructure.csproj", "{679E48EB-F10D-4A8E-AB75-AB5401C71B81}"
EndProject
Project("{9A19103F-16F7-4668-BE54-9A1E7A4F7556}") = "CleanArchitecture.Persistance", "CleanArchitecture.Persistance\CleanArchitecture.Persistance.csproj", "{8D1D222C-C365-4147-ABF6-8A9EA43A66C0}"
EndProject
Project("{9A19103F-16F7-4668-BE54-9A1E7A4F7556}") = "CleanArchitecture.Presentation", "CleanArchitecture.Presentation\CleanArchitecture.Presentation.csproj", "{F279D479-0A15-43F8-BEE7-FA96225E8CC0}"
EndProject
Project("{2150E333-8FDC-42A3-9474-1A3956D46DE8}") = "test", "test", "{2F556323-A221-44C9-865B-C0663F723B16}"
EndProject
Project("{9A19103F-16F7-4668-BE54-9A1E7A4F7556}") = "CleanArchitecture.UnitTest", "CleanArchitecture.UnitTest\CleanArchitecture.UnitTest.csproj", "{2ADE7429-A0AA-45BD-AE02-5E23CB51F5FD}"
EndProject
Project("{FAE04EC0-301F-11D3-BF4B-00C04F79EFBC}") = "CleanArchitecture.Common", "CleanArchitecture.Common\CleanArchitecture.Common.csproj", "{71E0DE8F-6D75-46BB-9353-71804366FBC1}"
EndProject
Global
	GlobalSection(SolutionConfigurationPlatforms) = preSolution
		Debug|Any CPU = Debug|Any CPU
		Release|Any CPU = Release|Any CPU
	EndGlobalSection
	GlobalSection(ProjectConfigurationPlatforms) = postSolution
		{114D7F75-DEFD-413C-9D22-95289DD24346}.Debug|Any CPU.ActiveCfg = Debug|Any CPU
		{114D7F75-DEFD-413C-9D22-95289DD24346}.Debug|Any CPU.Build.0 = Debug|Any CPU
		{114D7F75-DEFD-413C-9D22-95289DD24346}.Release|Any CPU.ActiveCfg = Release|Any CPU
		{114D7F75-DEFD-413C-9D22-95289DD24346}.Release|Any CPU.Build.0 = Release|Any CPU
		{846EA175-AD56-460F-A1EB-331CCDD7F0BA}.Debug|Any CPU.ActiveCfg = Debug|Any CPU
		{846EA175-AD56-460F-A1EB-331CCDD7F0BA}.Debug|Any CPU.Build.0 = Debug|Any CPU
		{846EA175-AD56-460F-A1EB-331CCDD7F0BA}.Release|Any CPU.ActiveCfg = Release|Any CPU
		{846EA175-AD56-460F-A1EB-331CCDD7F0BA}.Release|Any CPU.Build.0 = Release|Any CPU
		{9C66EEC1-5C15-4678-82B4-4467061AF449}.Debug|Any CPU.ActiveCfg = Debug|Any CPU
		{9C66EEC1-5C15-4678-82B4-4467061AF449}.Debug|Any CPU.Build.0 = Debug|Any CPU
		{9C66EEC1-5C15-4678-82B4-4467061AF449}.Release|Any CPU.ActiveCfg = Release|Any CPU
		{9C66EEC1-5C15-4678-82B4-4467061AF449}.Release|Any CPU.Build.0 = Release|Any CPU
		{679E48EB-F10D-4A8E-AB75-AB5401C71B81}.Debug|Any CPU.ActiveCfg = Debug|Any CPU
		{679E48EB-F10D-4A8E-AB75-AB5401C71B81}.Debug|Any CPU.Build.0 = Debug|Any CPU
		{679E48EB-F10D-4A8E-AB75-AB5401C71B81}.Release|Any CPU.ActiveCfg = Release|Any CPU
		{679E48EB-F10D-4A8E-AB75-AB5401C71B81}.Release|Any CPU.Build.0 = Release|Any CPU
		{8D1D222C-C365-4147-ABF6-8A9EA43A66C0}.Debug|Any CPU.ActiveCfg = Debug|Any CPU
		{8D1D222C-C365-4147-ABF6-8A9EA43A66C0}.Debug|Any CPU.Build.0 = Debug|Any CPU
		{8D1D222C-C365-4147-ABF6-8A9EA43A66C0}.Release|Any CPU.ActiveCfg = Release|Any CPU
		{8D1D222C-C365-4147-ABF6-8A9EA43A66C0}.Release|Any CPU.Build.0 = Release|Any CPU
		{F279D479-0A15-43F8-BEE7-FA96225E8CC0}.Debug|Any CPU.ActiveCfg = Debug|Any CPU
		{F279D479-0A15-43F8-BEE7-FA96225E8CC0}.Debug|Any CPU.Build.0 = Debug|Any CPU
		{F279D479-0A15-43F8-BEE7-FA96225E8CC0}.Release|Any CPU.ActiveCfg = Release|Any CPU
		{F279D479-0A15-43F8-BEE7-FA96225E8CC0}.Release|Any CPU.Build.0 = Release|Any CPU
		{2ADE7429-A0AA-45BD-AE02-5E23CB51F5FD}.Debug|Any CPU.ActiveCfg = Debug|Any CPU
		{2ADE7429-A0AA-45BD-AE02-5E23CB51F5FD}.Debug|Any CPU.Build.0 = Debug|Any CPU
		{2ADE7429-A0AA-45BD-AE02-5E23CB51F5FD}.Release|Any CPU.ActiveCfg = Release|Any CPU
		{2ADE7429-A0AA-45BD-AE02-5E23CB51F5FD}.Release|Any CPU.Build.0 = Release|Any CPU
		{71E0DE8F-6D75-46BB-9353-71804366FBC1}.Debug|Any CPU.ActiveCfg = Debug|Any CPU
		{71E0DE8F-6D75-46BB-9353-71804366FBC1}.Debug|Any CPU.Build.0 = Debug|Any CPU
		{71E0DE8F-6D75-46BB-9353-71804366FBC1}.Release|Any CPU.ActiveCfg = Release|Any CPU
		{71E0DE8F-6D75-46BB-9353-71804366FBC1}.Release|Any CPU.Build.0 = Release|Any CPU
	EndGlobalSection
	GlobalSection(SolutionProperties) = preSolution
		HideSolutionNode = FALSE
	EndGlobalSection
	GlobalSection(NestedProjects) = preSolution
		{114D7F75-DEFD-413C-9D22-95289DD24346} = {390FFC76-FA65-4AEB-BC5B-893CFE7A6D43}
		{DF1BBD98-8D34-4332-84A1-0144FF7458B1} = {390FFC76-FA65-4AEB-BC5B-893CFE7A6D43}
		{70116109-65DE-4359-B11A-870C322E7D92} = {390FFC76-FA65-4AEB-BC5B-893CFE7A6D43}
		{846EA175-AD56-460F-A1EB-331CCDD7F0BA} = {DF1BBD98-8D34-4332-84A1-0144FF7458B1}
		{9C66EEC1-5C15-4678-82B4-4467061AF449} = {DF1BBD98-8D34-4332-84A1-0144FF7458B1}
		{679E48EB-F10D-4A8E-AB75-AB5401C71B81} = {70116109-65DE-4359-B11A-870C322E7D92}
		{8D1D222C-C365-4147-ABF6-8A9EA43A66C0} = {70116109-65DE-4359-B11A-870C322E7D92}
		{F279D479-0A15-43F8-BEE7-FA96225E8CC0} = {70116109-65DE-4359-B11A-870C322E7D92}
		{2ADE7429-A0AA-45BD-AE02-5E23CB51F5FD} = {2F556323-A221-44C9-865B-C0663F723B16}
		{71E0DE8F-6D75-46BB-9353-71804366FBC1} = {390FFC76-FA65-4AEB-BC5B-893CFE7A6D43}
	EndGlobalSection
	GlobalSection(ExtensibilityGlobals) = postSolution
		SolutionGuid = {F78EBC4A-61F4-41CE-8D8B-03C3E01789F9}
	EndGlobalSection
EndGlobal
